// !$*UTF8*$!
{
	archiveVersion = 1;
	classes = {
	};
	objectVersion = 46;
	objects = {

/* Begin PBXBuildFile section */
		189C0631B0624989A6435C41 /* libPods-LoveBooks.a in Frameworks */ = {isa = PBXBuildFile; fileRef = 3CA037D860D94CA5928BBEDC /* libPods-LoveBooks.a */; };
		31B5578E1927AC13009A184B /* BookItem.m in Sources */ = {isa = PBXBuildFile; fileRef = 31B5578D1927AC13009A184B /* BookItem.m */; };
		31B557941927B46B009A184B /* ModelManager.m in Sources */ = {isa = PBXBuildFile; fileRef = 31B557931927B46B009A184B /* ModelManager.m */; };
		31B5579A1928C74A009A184B /* GenreTableViewCell.m in Sources */ = {isa = PBXBuildFile; fileRef = 31B557991928C74A009A184B /* GenreTableViewCell.m */; };
		31B557A01928CA87009A184B /* Genre.m in Sources */ = {isa = PBXBuildFile; fileRef = 31B5579F1928CA87009A184B /* Genre.m */; };
		31DE1BBA19224D77009F6AA5 /* Foundation.framework in Frameworks */ = {isa = PBXBuildFile; fileRef = 31DE1BB919224D77009F6AA5 /* Foundation.framework */; };
		31DE1BBC19224D77009F6AA5 /* CoreGraphics.framework in Frameworks */ = {isa = PBXBuildFile; fileRef = 31DE1BBB19224D77009F6AA5 /* CoreGraphics.framework */; };
		31DE1BBE19224D77009F6AA5 /* UIKit.framework in Frameworks */ = {isa = PBXBuildFile; fileRef = 31DE1BBD19224D77009F6AA5 /* UIKit.framework */; };
		31DE1BC019224D77009F6AA5 /* CoreData.framework in Frameworks */ = {isa = PBXBuildFile; fileRef = 31DE1BBF19224D77009F6AA5 /* CoreData.framework */; };
		31DE1BC619224D77009F6AA5 /* InfoPlist.strings in Resources */ = {isa = PBXBuildFile; fileRef = 31DE1BC419224D77009F6AA5 /* InfoPlist.strings */; };
		31DE1BC819224D77009F6AA5 /* main.m in Sources */ = {isa = PBXBuildFile; fileRef = 31DE1BC719224D77009F6AA5 /* main.m */; };
		31DE1BCC19224D77009F6AA5 /* AppDelegate.m in Sources */ = {isa = PBXBuildFile; fileRef = 31DE1BCB19224D77009F6AA5 /* AppDelegate.m */; };
		31DE1BD119224D77009F6AA5 /* Images.xcassets in Resources */ = {isa = PBXBuildFile; fileRef = 31DE1BD019224D77009F6AA5 /* Images.xcassets */; };
		31DE1BD819224D77009F6AA5 /* XCTest.framework in Frameworks */ = {isa = PBXBuildFile; fileRef = 31DE1BD719224D77009F6AA5 /* XCTest.framework */; };
		31DE1BD919224D77009F6AA5 /* Foundation.framework in Frameworks */ = {isa = PBXBuildFile; fileRef = 31DE1BB919224D77009F6AA5 /* Foundation.framework */; };
		31DE1BDA19224D77009F6AA5 /* UIKit.framework in Frameworks */ = {isa = PBXBuildFile; fileRef = 31DE1BBD19224D77009F6AA5 /* UIKit.framework */; };
		31DE1BDB19224D77009F6AA5 /* CoreData.framework in Frameworks */ = {isa = PBXBuildFile; fileRef = 31DE1BBF19224D77009F6AA5 /* CoreData.framework */; };
		31DE1BE319224D77009F6AA5 /* InfoPlist.strings in Resources */ = {isa = PBXBuildFile; fileRef = 31DE1BE119224D77009F6AA5 /* InfoPlist.strings */; };
		31DE1BE519224D77009F6AA5 /* LoveBooksTests.m in Sources */ = {isa = PBXBuildFile; fileRef = 31DE1BE419224D77009F6AA5 /* LoveBooksTests.m */; };
		31DE1BFD19251BCF009F6AA5 /* BookTableViewCell.m in Sources */ = {isa = PBXBuildFile; fileRef = 31DE1BF519251BCF009F6AA5 /* BookTableViewCell.m */; };
		31DE1BFE19251BCF009F6AA5 /* BookDetailViewController.m in Sources */ = {isa = PBXBuildFile; fileRef = 31DE1BF819251BCF009F6AA5 /* BookDetailViewController.m */; };
		31DE1BFF19251BCF009F6AA5 /* BookTableViewController.m in Sources */ = {isa = PBXBuildFile; fileRef = 31DE1BFA19251BCF009F6AA5 /* BookTableViewController.m */; };
		31DE1C0F192520B6009F6AA5 /* Main.storyboard in Resources */ = {isa = PBXBuildFile; fileRef = 31DE1C0E192520B6009F6AA5 /* Main.storyboard */; };
		F18B3FE719489F3200F06BEB /* AFNetworkingBookDownloader.m in Sources */ = {isa = PBXBuildFile; fileRef = F18B3FE619489F3200F06BEB /* AFNetworkingBookDownloader.m */; };
		F18B3FEA1948A8EE00F06BEB /* NSURLSessionBookDownloader.m in Sources */ = {isa = PBXBuildFile; fileRef = F18B3FE91948A8EE00F06BEB /* NSURLSessionBookDownloader.m */; };
		F18B3FEC1948A98100F06BEB /* BookDownloader.m in Sources */ = {isa = PBXBuildFile; fileRef = F18B3FEB1948A98100F06BEB /* BookDownloader.m */; };
		F1AF6760192A97E000CC6354 /* LoveBooks.xcdatamodeld in Sources */ = {isa = PBXBuildFile; fileRef = F1AF675E192A97E000CC6354 /* LoveBooks.xcdatamodeld */; };
/* End PBXBuildFile section */

/* Begin PBXContainerItemProxy section */
		31DE1BDC19224D77009F6AA5 /* PBXContainerItemProxy */ = {
			isa = PBXContainerItemProxy;
			containerPortal = 31DE1BAE19224D77009F6AA5 /* Project object */;
			proxyType = 1;
			remoteGlobalIDString = 31DE1BB519224D77009F6AA5;
			remoteInfo = LoveBooks;
		};
/* End PBXContainerItemProxy section */

/* Begin PBXFileReference section */
		1ABE09DED3464C2CBADB8614 /* Pods-LoveBooks.xcconfig */ = {isa = PBXFileReference; includeInIndex = 1; lastKnownFileType = text.xcconfig; name = "Pods-LoveBooks.xcconfig"; path = "Pods/Pods-LoveBooks.xcconfig"; sourceTree = "<group>"; };
		31B5578C1927AC13009A184B /* BookItem.h */ = {isa = PBXFileReference; fileEncoding = 4; lastKnownFileType = sourcecode.c.h; path = BookItem.h; sourceTree = "<group>"; };
		31B5578D1927AC13009A184B /* BookItem.m */ = {isa = PBXFileReference; fileEncoding = 4; lastKnownFileType = sourcecode.c.objc; path = BookItem.m; sourceTree = "<group>"; };
		31B557921927B46B009A184B /* ModelManager.h */ = {isa = PBXFileReference; fileEncoding = 4; lastKnownFileType = sourcecode.c.h; path = ModelManager.h; sourceTree = "<group>"; };
		31B557931927B46B009A184B /* ModelManager.m */ = {isa = PBXFileReference; fileEncoding = 4; lastKnownFileType = sourcecode.c.objc; path = ModelManager.m; sourceTree = "<group>"; };
		31B557981928C74A009A184B /* GenreTableViewCell.h */ = {isa = PBXFileReference; fileEncoding = 4; lastKnownFileType = sourcecode.c.h; path = GenreTableViewCell.h; sourceTree = "<group>"; };
		31B557991928C74A009A184B /* GenreTableViewCell.m */ = {isa = PBXFileReference; fileEncoding = 4; lastKnownFileType = sourcecode.c.objc; path = GenreTableViewCell.m; sourceTree = "<group>"; };
		31B5579E1928CA87009A184B /* Genre.h */ = {isa = PBXFileReference; fileEncoding = 4; lastKnownFileType = sourcecode.c.h; path = Genre.h; sourceTree = "<group>"; };
		31B5579F1928CA87009A184B /* Genre.m */ = {isa = PBXFileReference; fileEncoding = 4; lastKnownFileType = sourcecode.c.objc; path = Genre.m; sourceTree = "<group>"; };
		31DE1BB619224D77009F6AA5 /* LoveBooks.app */ = {isa = PBXFileReference; explicitFileType = wrapper.application; includeInIndex = 0; path = LoveBooks.app; sourceTree = BUILT_PRODUCTS_DIR; };
		31DE1BB919224D77009F6AA5 /* Foundation.framework */ = {isa = PBXFileReference; lastKnownFileType = wrapper.framework; name = Foundation.framework; path = System/Library/Frameworks/Foundation.framework; sourceTree = SDKROOT; };
		31DE1BBB19224D77009F6AA5 /* CoreGraphics.framework */ = {isa = PBXFileReference; lastKnownFileType = wrapper.framework; name = CoreGraphics.framework; path = System/Library/Frameworks/CoreGraphics.framework; sourceTree = SDKROOT; };
		31DE1BBD19224D77009F6AA5 /* UIKit.framework */ = {isa = PBXFileReference; lastKnownFileType = wrapper.framework; name = UIKit.framework; path = System/Library/Frameworks/UIKit.framework; sourceTree = SDKROOT; };
		31DE1BBF19224D77009F6AA5 /* CoreData.framework */ = {isa = PBXFileReference; lastKnownFileType = wrapper.framework; name = CoreData.framework; path = System/Library/Frameworks/CoreData.framework; sourceTree = SDKROOT; };
		31DE1BC319224D77009F6AA5 /* LoveBooks-Info.plist */ = {isa = PBXFileReference; lastKnownFileType = text.plist.xml; path = "LoveBooks-Info.plist"; sourceTree = "<group>"; };
		31DE1BC519224D77009F6AA5 /* en */ = {isa = PBXFileReference; lastKnownFileType = text.plist.strings; name = en; path = en.lproj/InfoPlist.strings; sourceTree = "<group>"; };
		31DE1BC719224D77009F6AA5 /* main.m */ = {isa = PBXFileReference; lastKnownFileType = sourcecode.c.objc; path = main.m; sourceTree = "<group>"; };
		31DE1BC919224D77009F6AA5 /* LoveBooks-Prefix.pch */ = {isa = PBXFileReference; lastKnownFileType = sourcecode.c.h; path = "LoveBooks-Prefix.pch"; sourceTree = "<group>"; };
		31DE1BCA19224D77009F6AA5 /* AppDelegate.h */ = {isa = PBXFileReference; lastKnownFileType = sourcecode.c.h; path = AppDelegate.h; sourceTree = "<group>"; };
		31DE1BCB19224D77009F6AA5 /* AppDelegate.m */ = {isa = PBXFileReference; lastKnownFileType = sourcecode.c.objc; path = AppDelegate.m; sourceTree = "<group>"; };
		31DE1BD019224D77009F6AA5 /* Images.xcassets */ = {isa = PBXFileReference; lastKnownFileType = folder.assetcatalog; path = Images.xcassets; sourceTree = "<group>"; };
		31DE1BD619224D77009F6AA5 /* LoveBooksTests.xctest */ = {isa = PBXFileReference; explicitFileType = wrapper.cfbundle; includeInIndex = 0; path = LoveBooksTests.xctest; sourceTree = BUILT_PRODUCTS_DIR; };
		31DE1BD719224D77009F6AA5 /* XCTest.framework */ = {isa = PBXFileReference; lastKnownFileType = wrapper.framework; name = XCTest.framework; path = Library/Frameworks/XCTest.framework; sourceTree = DEVELOPER_DIR; };
		31DE1BE019224D77009F6AA5 /* LoveBooksTests-Info.plist */ = {isa = PBXFileReference; lastKnownFileType = text.plist.xml; path = "LoveBooksTests-Info.plist"; sourceTree = "<group>"; };
		31DE1BE219224D77009F6AA5 /* en */ = {isa = PBXFileReference; lastKnownFileType = text.plist.strings; name = en; path = en.lproj/InfoPlist.strings; sourceTree = "<group>"; };
		31DE1BE419224D77009F6AA5 /* LoveBooksTests.m */ = {isa = PBXFileReference; lastKnownFileType = sourcecode.c.objc; path = LoveBooksTests.m; sourceTree = "<group>"; };
		31DE1BF419251BCF009F6AA5 /* BookTableViewCell.h */ = {isa = PBXFileReference; fileEncoding = 4; lastKnownFileType = sourcecode.c.h; path = BookTableViewCell.h; sourceTree = "<group>"; };
		31DE1BF519251BCF009F6AA5 /* BookTableViewCell.m */ = {isa = PBXFileReference; fileEncoding = 4; lastKnownFileType = sourcecode.c.objc; path = BookTableViewCell.m; sourceTree = "<group>"; };
		31DE1BF719251BCF009F6AA5 /* BookDetailViewController.h */ = {isa = PBXFileReference; fileEncoding = 4; lastKnownFileType = sourcecode.c.h; path = BookDetailViewController.h; sourceTree = "<group>"; };
		31DE1BF819251BCF009F6AA5 /* BookDetailViewController.m */ = {isa = PBXFileReference; fileEncoding = 4; lastKnownFileType = sourcecode.c.objc; path = BookDetailViewController.m; sourceTree = "<group>"; };
		31DE1BF919251BCF009F6AA5 /* BookTableViewController.h */ = {isa = PBXFileReference; fileEncoding = 4; lastKnownFileType = sourcecode.c.h; path = BookTableViewController.h; sourceTree = "<group>"; };
		31DE1BFA19251BCF009F6AA5 /* BookTableViewController.m */ = {isa = PBXFileReference; fileEncoding = 4; lastKnownFileType = sourcecode.c.objc; path = BookTableViewController.m; sourceTree = "<group>"; };
		31DE1C0E192520B6009F6AA5 /* Main.storyboard */ = {isa = PBXFileReference; fileEncoding = 4; lastKnownFileType = file.storyboard; path = Main.storyboard; sourceTree = "<group>"; };
		3CA037D860D94CA5928BBEDC /* libPods-LoveBooks.a */ = {isa = PBXFileReference; explicitFileType = archive.ar; includeInIndex = 0; path = "libPods-LoveBooks.a"; sourceTree = BUILT_PRODUCTS_DIR; };
		F18B3FE319489B9800F06BEB /* BookDownloader.h */ = {isa = PBXFileReference; lastKnownFileType = sourcecode.c.h; name = BookDownloader.h; path = BookDownloader/BookDownloader.h; sourceTree = "<group>"; };
		F18B3FE519489F3200F06BEB /* AFNetworkingBookDownloader.h */ = {isa = PBXFileReference; fileEncoding = 4; lastKnownFileType = sourcecode.c.h; name = AFNetworkingBookDownloader.h; path = BookDownloader/AFNetworkingBookDownloader.h; sourceTree = "<group>"; };
		F18B3FE619489F3200F06BEB /* AFNetworkingBookDownloader.m */ = {isa = PBXFileReference; fileEncoding = 4; lastKnownFileType = sourcecode.c.objc; name = AFNetworkingBookDownloader.m; path = BookDownloader/AFNetworkingBookDownloader.m; sourceTree = "<group>"; };
		F18B3FE81948A8EE00F06BEB /* NSURLSessionBookDownloader.h */ = {isa = PBXFileReference; fileEncoding = 4; lastKnownFileType = sourcecode.c.h; name = NSURLSessionBookDownloader.h; path = BookDownloader/NSURLSessionBookDownloader.h; sourceTree = "<group>"; };
		F18B3FE91948A8EE00F06BEB /* NSURLSessionBookDownloader.m */ = {isa = PBXFileReference; fileEncoding = 4; lastKnownFileType = sourcecode.c.objc; name = NSURLSessionBookDownloader.m; path = BookDownloader/NSURLSessionBookDownloader.m; sourceTree = "<group>"; };
		F18B3FEB1948A98100F06BEB /* BookDownloader.m */ = {isa = PBXFileReference; fileEncoding = 4; lastKnownFileType = sourcecode.c.objc; name = BookDownloader.m; path = BookDownloader/BookDownloader.m; sourceTree = "<group>"; };
		F1AF675F192A97E000CC6354 /* LoveBooks.xcdatamodel */ = {isa = PBXFileReference; lastKnownFileType = wrapper.xcdatamodel; path = LoveBooks.xcdatamodel; sourceTree = "<group>"; };
/* End PBXFileReference section */

/* Begin PBXFrameworksBuildPhase section */
		31DE1BB319224D77009F6AA5 /* Frameworks */ = {
			isa = PBXFrameworksBuildPhase;
			buildActionMask = 2147483647;
			files = (
				31DE1BBC19224D77009F6AA5 /* CoreGraphics.framework in Frameworks */,
				31DE1BC019224D77009F6AA5 /* CoreData.framework in Frameworks */,
				31DE1BBE19224D77009F6AA5 /* UIKit.framework in Frameworks */,
				31DE1BBA19224D77009F6AA5 /* Foundation.framework in Frameworks */,
				189C0631B0624989A6435C41 /* libPods-LoveBooks.a in Frameworks */,
			);
			runOnlyForDeploymentPostprocessing = 0;
		};
		31DE1BD319224D77009F6AA5 /* Frameworks */ = {
			isa = PBXFrameworksBuildPhase;
			buildActionMask = 2147483647;
			files = (
				31DE1BD819224D77009F6AA5 /* XCTest.framework in Frameworks */,
				31DE1BDB19224D77009F6AA5 /* CoreData.framework in Frameworks */,
				31DE1BDA19224D77009F6AA5 /* UIKit.framework in Frameworks */,
				31DE1BD919224D77009F6AA5 /* Foundation.framework in Frameworks */,
			);
			runOnlyForDeploymentPostprocessing = 0;
		};
/* End PBXFrameworksBuildPhase section */

/* Begin PBXGroup section */
		31DE1BAD19224D77009F6AA5 = {
			isa = PBXGroup;
			children = (
				31DE1BC119224D77009F6AA5 /* LoveBooks */,
				31DE1BDE19224D77009F6AA5 /* LoveBooksTests */,
				31DE1BB819224D77009F6AA5 /* Frameworks */,
				31DE1BB719224D77009F6AA5 /* Products */,
				1ABE09DED3464C2CBADB8614 /* Pods-LoveBooks.xcconfig */,
			);
			sourceTree = "<group>";
		};
		31DE1BB719224D77009F6AA5 /* Products */ = {
			isa = PBXGroup;
			children = (
				31DE1BB619224D77009F6AA5 /* LoveBooks.app */,
				31DE1BD619224D77009F6AA5 /* LoveBooksTests.xctest */,
			);
			name = Products;
			sourceTree = "<group>";
		};
		31DE1BB819224D77009F6AA5 /* Frameworks */ = {
			isa = PBXGroup;
			children = (
				31DE1BB919224D77009F6AA5 /* Foundation.framework */,
				31DE1BBB19224D77009F6AA5 /* CoreGraphics.framework */,
				31DE1BBD19224D77009F6AA5 /* UIKit.framework */,
				31DE1BBF19224D77009F6AA5 /* CoreData.framework */,
				31DE1BD719224D77009F6AA5 /* XCTest.framework */,
				3CA037D860D94CA5928BBEDC /* libPods-LoveBooks.a */,
			);
			name = Frameworks;
			sourceTree = "<group>";
		};
		31DE1BC119224D77009F6AA5 /* LoveBooks */ = {
			isa = PBXGroup;
			children = (
				F18B3FE419489BA400F06BEB /* BookDownloader */,
				31DE1BEE19251BCF009F6AA5 /* Model */,
				31DE1BF319251BCF009F6AA5 /* TableViewCell */,
				31DE1BF619251BCF009F6AA5 /* ViewController */,
				31DE1BCA19224D77009F6AA5 /* AppDelegate.h */,
				31DE1BCB19224D77009F6AA5 /* AppDelegate.m */,
				31DE1BD019224D77009F6AA5 /* Images.xcassets */,
				31DE1BC219224D77009F6AA5 /* Supporting Files */,
				31DE1C0E192520B6009F6AA5 /* Main.storyboard */,
				F1AF675E192A97E000CC6354 /* LoveBooks.xcdatamodeld */,
			);
			path = LoveBooks;
			sourceTree = "<group>";
		};
		31DE1BC219224D77009F6AA5 /* Supporting Files */ = {
			isa = PBXGroup;
			children = (
				31DE1BC319224D77009F6AA5 /* LoveBooks-Info.plist */,
				31DE1BC419224D77009F6AA5 /* InfoPlist.strings */,
				31DE1BC719224D77009F6AA5 /* main.m */,
				31DE1BC919224D77009F6AA5 /* LoveBooks-Prefix.pch */,
			);
			name = "Supporting Files";
			sourceTree = "<group>";
		};
		31DE1BDE19224D77009F6AA5 /* LoveBooksTests */ = {
			isa = PBXGroup;
			children = (
				31DE1BE419224D77009F6AA5 /* LoveBooksTests.m */,
				31DE1BDF19224D77009F6AA5 /* Supporting Files */,
			);
			path = LoveBooksTests;
			sourceTree = "<group>";
		};
		31DE1BDF19224D77009F6AA5 /* Supporting Files */ = {
			isa = PBXGroup;
			children = (
				31DE1BE019224D77009F6AA5 /* LoveBooksTests-Info.plist */,
				31DE1BE119224D77009F6AA5 /* InfoPlist.strings */,
			);
			name = "Supporting Files";
			sourceTree = "<group>";
		};
		31DE1BEE19251BCF009F6AA5 /* Model */ = {
			isa = PBXGroup;
			children = (
				31B5579E1928CA87009A184B /* Genre.h */,
				31B5579F1928CA87009A184B /* Genre.m */,
				31B5578C1927AC13009A184B /* BookItem.h */,
				31B5578D1927AC13009A184B /* BookItem.m */,
				31B557921927B46B009A184B /* ModelManager.h */,
				31B557931927B46B009A184B /* ModelManager.m */,
			);
			path = Model;
			sourceTree = "<group>";
		};
		31DE1BF319251BCF009F6AA5 /* TableViewCell */ = {
			isa = PBXGroup;
			children = (
				31DE1BF419251BCF009F6AA5 /* BookTableViewCell.h */,
				31DE1BF519251BCF009F6AA5 /* BookTableViewCell.m */,
				31B557981928C74A009A184B /* GenreTableViewCell.h */,
				31B557991928C74A009A184B /* GenreTableViewCell.m */,
			);
			path = TableViewCell;
			sourceTree = "<group>";
		};
		31DE1BF619251BCF009F6AA5 /* ViewController */ = {
			isa = PBXGroup;
			children = (
				31DE1BF719251BCF009F6AA5 /* BookDetailViewController.h */,
				31DE1BF819251BCF009F6AA5 /* BookDetailViewController.m */,
				31DE1BF919251BCF009F6AA5 /* BookTableViewController.h */,
				31DE1BFA19251BCF009F6AA5 /* BookTableViewController.m */,
			);
			path = ViewController;
			sourceTree = "<group>";
		};
		F18B3FE419489BA400F06BEB /* BookDownloader */ = {
			isa = PBXGroup;
			children = (
				F18B3FE319489B9800F06BEB /* BookDownloader.h */,
				F18B3FEB1948A98100F06BEB /* BookDownloader.m */,
				F18B3FE519489F3200F06BEB /* AFNetworkingBookDownloader.h */,
				F18B3FE619489F3200F06BEB /* AFNetworkingBookDownloader.m */,
				F18B3FE81948A8EE00F06BEB /* NSURLSessionBookDownloader.h */,
				F18B3FE91948A8EE00F06BEB /* NSURLSessionBookDownloader.m */,
			);
			name = BookDownloader;
			sourceTree = "<group>";
		};
/* End PBXGroup section */

/* Begin PBXNativeTarget section */
		31DE1BB519224D77009F6AA5 /* LoveBooks */ = {
			isa = PBXNativeTarget;
			buildConfigurationList = 31DE1BE819224D77009F6AA5 /* Build configuration list for PBXNativeTarget "LoveBooks" */;
			buildPhases = (
				B1D5D8DA644A4C3D8CD1B53F /* Check Pods Manifest.lock */,
				31DE1BB219224D77009F6AA5 /* Sources */,
				31DE1BB319224D77009F6AA5 /* Frameworks */,
				31DE1BB419224D77009F6AA5 /* Resources */,
				3AB66C6A8295429C898C8904 /* Copy Pods Resources */,
			);
			buildRules = (
			);
			dependencies = (
			);
			name = LoveBooks;
			productName = LoveBooks;
			productReference = 31DE1BB619224D77009F6AA5 /* LoveBooks.app */;
			productType = "com.apple.product-type.application";
		};
		31DE1BD519224D77009F6AA5 /* LoveBooksTests */ = {
			isa = PBXNativeTarget;
			buildConfigurationList = 31DE1BEB19224D77009F6AA5 /* Build configuration list for PBXNativeTarget "LoveBooksTests" */;
			buildPhases = (
				31DE1BD219224D77009F6AA5 /* Sources */,
				31DE1BD319224D77009F6AA5 /* Frameworks */,
				31DE1BD419224D77009F6AA5 /* Resources */,
			);
			buildRules = (
			);
			dependencies = (
				31DE1BDD19224D77009F6AA5 /* PBXTargetDependency */,
			);
			name = LoveBooksTests;
			productName = LoveBooksTests;
			productReference = 31DE1BD619224D77009F6AA5 /* LoveBooksTests.xctest */;
			productType = "com.apple.product-type.bundle.unit-test";
		};
/* End PBXNativeTarget section */

/* Begin PBXProject section */
		31DE1BAE19224D77009F6AA5 /* Project object */ = {
			isa = PBXProject;
			attributes = {
				LastUpgradeCheck = 0510;
				ORGANIZATIONNAME = "Haw-Hamburg";
				TargetAttributes = {
					31DE1BD519224D77009F6AA5 = {
						TestTargetID = 31DE1BB519224D77009F6AA5;
					};
				};
			};
			buildConfigurationList = 31DE1BB119224D77009F6AA5 /* Build configuration list for PBXProject "LoveBooks" */;
			compatibilityVersion = "Xcode 3.2";
			developmentRegion = English;
			hasScannedForEncodings = 0;
			knownRegions = (
				en,
				Base,
			);
			mainGroup = 31DE1BAD19224D77009F6AA5;
			productRefGroup = 31DE1BB719224D77009F6AA5 /* Products */;
			projectDirPath = "";
			projectRoot = "";
			targets = (
				31DE1BB519224D77009F6AA5 /* LoveBooks */,
				31DE1BD519224D77009F6AA5 /* LoveBooksTests */,
			);
		};
/* End PBXProject section */

/* Begin PBXResourcesBuildPhase section */
		31DE1BB419224D77009F6AA5 /* Resources */ = {
			isa = PBXResourcesBuildPhase;
			buildActionMask = 2147483647;
			files = (
				31DE1C0F192520B6009F6AA5 /* Main.storyboard in Resources */,
				31DE1BC619224D77009F6AA5 /* InfoPlist.strings in Resources */,
				31DE1BD119224D77009F6AA5 /* Images.xcassets in Resources */,
			);
			runOnlyForDeploymentPostprocessing = 0;
		};
		31DE1BD419224D77009F6AA5 /* Resources */ = {
			isa = PBXResourcesBuildPhase;
			buildActionMask = 2147483647;
			files = (
				31DE1BE319224D77009F6AA5 /* InfoPlist.strings in Resources */,
			);
			runOnlyForDeploymentPostprocessing = 0;
		};
/* End PBXResourcesBuildPhase section */

/* Begin PBXShellScriptBuildPhase section */
		3AB66C6A8295429C898C8904 /* Copy Pods Resources */ = {
			isa = PBXShellScriptBuildPhase;
			buildActionMask = 2147483647;
			files = (
			);
			inputPaths = (
			);
			name = "Copy Pods Resources";
			outputPaths = (
			);
			runOnlyForDeploymentPostprocessing = 0;
			shellPath = /bin/sh;
			shellScript = "\"${SRCROOT}/Pods/Pods-LoveBooks-resources.sh\"\n";
			showEnvVarsInLog = 0;
		};
		B1D5D8DA644A4C3D8CD1B53F /* Check Pods Manifest.lock */ = {
			isa = PBXShellScriptBuildPhase;
			buildActionMask = 2147483647;
			files = (
			);
			inputPaths = (
			);
			name = "Check Pods Manifest.lock";
			outputPaths = (
			);
			runOnlyForDeploymentPostprocessing = 0;
			shellPath = /bin/sh;
			shellScript = "diff \"${PODS_ROOT}/../Podfile.lock\" \"${PODS_ROOT}/Manifest.lock\" > /dev/null\nif [[ $? != 0 ]] ; then\n    cat << EOM\nerror: The sandbox is not in sync with the Podfile.lock. Run 'pod install' or update your CocoaPods installation.\nEOM\n    exit 1\nfi\n";
			showEnvVarsInLog = 0;
		};
/* End PBXShellScriptBuildPhase section */

/* Begin PBXSourcesBuildPhase section */
		31DE1BB219224D77009F6AA5 /* Sources */ = {
			isa = PBXSourcesBuildPhase;
			buildActionMask = 2147483647;
			files = (
				31B5578E1927AC13009A184B /* BookItem.m in Sources */,
				31DE1BCC19224D77009F6AA5 /* AppDelegate.m in Sources */,
				F1AF6760192A97E000CC6354 /* LoveBooks.xcdatamodeld in Sources */,
				31B557941927B46B009A184B /* ModelManager.m in Sources */,
				F18B3FEC1948A98100F06BEB /* BookDownloader.m in Sources */,
				31DE1BFD19251BCF009F6AA5 /* BookTableViewCell.m in Sources */,
				F18B3FEA1948A8EE00F06BEB /* NSURLSessionBookDownloader.m in Sources */,
				31DE1BFE19251BCF009F6AA5 /* BookDetailViewController.m in Sources */,
				31B5579A1928C74A009A184B /* GenreTableViewCell.m in Sources */,
				31B557A01928CA87009A184B /* Genre.m in Sources */,
				31DE1BFF19251BCF009F6AA5 /* BookTableViewController.m in Sources */,
				31DE1BC819224D77009F6AA5 /* main.m in Sources */,
				F18B3FE719489F3200F06BEB /* AFNetworkingBookDownloader.m in Sources */,
			);
			runOnlyForDeploymentPostprocessing = 0;
		};
		31DE1BD219224D77009F6AA5 /* Sources */ = {
			isa = PBXSourcesBuildPhase;
			buildActionMask = 2147483647;
			files = (
				31DE1BE519224D77009F6AA5 /* LoveBooksTests.m in Sources */,
			);
			runOnlyForDeploymentPostprocessing = 0;
		};
/* End PBXSourcesBuildPhase section */

/* Begin PBXTargetDependency section */
		31DE1BDD19224D77009F6AA5 /* PBXTargetDependency */ = {
			isa = PBXTargetDependency;
			target = 31DE1BB519224D77009F6AA5 /* LoveBooks */;
			targetProxy = 31DE1BDC19224D77009F6AA5 /* PBXContainerItemProxy */;
		};
/* End PBXTargetDependency section */

/* Begin PBXVariantGroup section */
		31DE1BC419224D77009F6AA5 /* InfoPlist.strings */ = {
			isa = PBXVariantGroup;
			children = (
				31DE1BC519224D77009F6AA5 /* en */,
			);
			name = InfoPlist.strings;
			sourceTree = "<group>";
		};
		31DE1BE119224D77009F6AA5 /* InfoPlist.strings */ = {
			isa = PBXVariantGroup;
			children = (
				31DE1BE219224D77009F6AA5 /* en */,
			);
			name = InfoPlist.strings;
			sourceTree = "<group>";
		};
/* End PBXVariantGroup section */

/* Begin XCBuildConfiguration section */
		31DE1BE619224D77009F6AA5 /* Debug */ = {
			isa = XCBuildConfiguration;
			buildSettings = {
				ALWAYS_SEARCH_USER_PATHS = NO;
				CLANG_CXX_LANGUAGE_STANDARD = "gnu++0x";
				CLANG_CXX_LIBRARY = "libc++";
				CLANG_ENABLE_MODULES = YES;
				CLANG_ENABLE_OBJC_ARC = YES;
				CLANG_WARN_BOOL_CONVERSION = YES;
				CLANG_WARN_CONSTANT_CONVERSION = YES;
				CLANG_WARN_DIRECT_OBJC_ISA_USAGE = YES_ERROR;
				CLANG_WARN_EMPTY_BODY = YES;
				CLANG_WARN_ENUM_CONVERSION = YES;
				CLANG_WARN_INT_CONVERSION = YES;
				CLANG_WARN_OBJC_ROOT_CLASS = YES_ERROR;
				CLANG_WARN__DUPLICATE_METHOD_MATCH = YES;
				"CODE_SIGN_IDENTITY[sdk=iphoneos*]" = "iPhone Developer";
				COPY_PHASE_STRIP = NO;
				GCC_C_LANGUAGE_STANDARD = gnu99;
				GCC_DYNAMIC_NO_PIC = NO;
				GCC_OPTIMIZATION_LEVEL = 0;
				GCC_PREPROCESSOR_DEFINITIONS = (
					"DEBUG=1",
					"$(inherited)",
				);
				GCC_SYMBOLS_PRIVATE_EXTERN = NO;
				GCC_WARN_64_TO_32_BIT_CONVERSION = YES;
				GCC_WARN_ABOUT_RETURN_TYPE = YES_ERROR;
				GCC_WARN_UNDECLARED_SELECTOR = YES;
				GCC_WARN_UNINITIALIZED_AUTOS = YES_AGGRESSIVE;
				GCC_WARN_UNUSED_FUNCTION = YES;
				GCC_WARN_UNUSED_VARIABLE = YES;
				IPHONEOS_DEPLOYMENT_TARGET = 7.1;
				ONLY_ACTIVE_ARCH = YES;
				SDKROOT = iphoneos;
			};
			name = Debug;
		};
		31DE1BE719224D77009F6AA5 /* Release */ = {
			isa = XCBuildConfiguration;
			buildSettings = {
				ALWAYS_SEARCH_USER_PATHS = NO;
				CLANG_CXX_LANGUAGE_STANDARD = "gnu++0x";
				CLANG_CXX_LIBRARY = "libc++";
				CLANG_ENABLE_MODULES = YES;
				CLANG_ENABLE_OBJC_ARC = YES;
				CLANG_WARN_BOOL_CONVERSION = YES;
				CLANG_WARN_CONSTANT_CONVERSION = YES;
				CLANG_WARN_DIRECT_OBJC_ISA_USAGE = YES_ERROR;
				CLANG_WARN_EMPTY_BODY = YES;
				CLANG_WARN_ENUM_CONVERSION = YES;
				CLANG_WARN_INT_CONVERSION = YES;
				CLANG_WARN_OBJC_ROOT_CLASS = YES_ERROR;
				CLANG_WARN__DUPLICATE_METHOD_MATCH = YES;
				"CODE_SIGN_IDENTITY[sdk=iphoneos*]" = "iPhone Developer";
				COPY_PHASE_STRIP = YES;
				ENABLE_NS_ASSERTIONS = NO;
				GCC_C_LANGUAGE_STANDARD = gnu99;
				GCC_WARN_64_TO_32_BIT_CONVERSION = YES;
				GCC_WARN_ABOUT_RETURN_TYPE = YES_ERROR;
				GCC_WARN_UNDECLARED_SELECTOR = YES;
				GCC_WARN_UNINITIALIZED_AUTOS = YES_AGGRESSIVE;
				GCC_WARN_UNUSED_FUNCTION = YES;
				GCC_WARN_UNUSED_VARIABLE = YES;
				IPHONEOS_DEPLOYMENT_TARGET = 7.1;
				SDKROOT = iphoneos;
				VALIDATE_PRODUCT = YES;
			};
			name = Release;
		};
		31DE1BE919224D77009F6AA5 /* Debug */ = {
			isa = XCBuildConfiguration;
			baseConfigurationReference = 1ABE09DED3464C2CBADB8614 /* Pods-LoveBooks.xcconfig */;
			buildSettings = {
				ASSETCATALOG_COMPILER_APPICON_NAME = AppIcon;
				ASSETCATALOG_COMPILER_LAUNCHIMAGE_NAME = LaunchImage;
				GCC_PRECOMPILE_PREFIX_HEADER = YES;
				GCC_PREFIX_HEADER = "LoveBooks/LoveBooks-Prefix.pch";
				INFOPLIST_FILE = "LoveBooks/LoveBooks-Info.plist";
				PRODUCT_NAME = "$(TARGET_NAME)";
				WRAPPER_EXTENSION = app;
			};
			name = Debug;
		};
		31DE1BEA19224D77009F6AA5 /* Release */ = {
			isa = XCBuildConfiguration;
			baseConfigurationReference = 1ABE09DED3464C2CBADB8614 /* Pods-LoveBooks.xcconfig */;
			buildSettings = {
				ASSETCATALOG_COMPILER_APPICON_NAME = AppIcon;
				ASSETCATALOG_COMPILER_LAUNCHIMAGE_NAME = LaunchImage;
				GCC_PRECOMPILE_PREFIX_HEADER = YES;
				GCC_PREFIX_HEADER = "LoveBooks/LoveBooks-Prefix.pch";
				INFOPLIST_FILE = "LoveBooks/LoveBooks-Info.plist";
				PRODUCT_NAME = "$(TARGET_NAME)";
				WRAPPER_EXTENSION = app;
			};
			name = Release;
		};
		31DE1BEC19224D77009F6AA5 /* Debug */ = {
			isa = XCBuildConfiguration;
			buildSettings = {
				BUNDLE_LOADER = "$(BUILT_PRODUCTS_DIR)/LoveBooks.app/LoveBooks";
				FRAMEWORK_SEARCH_PATHS = (
					"$(SDKROOT)/Developer/Library/Frameworks",
					"$(inherited)",
					"$(DEVELOPER_FRAMEWORKS_DIR)",
				);
				GCC_PRECOMPILE_PREFIX_HEADER = YES;
				GCC_PREFIX_HEADER = "LoveBooks/LoveBooks-Prefix.pch";
				GCC_PREPROCESSOR_DEFINITIONS = (
					"DEBUG=1",
					"$(inherited)",
				);
				INFOPLIST_FILE = "LoveBooksTests/LoveBooksTests-Info.plist";
				PRODUCT_NAME = "$(TARGET_NAME)";
				TEST_HOST = "$(BUNDLE_LOADER)";
				WRAPPER_EXTENSION = xctest;
			};
			name = Debug;
		};
		31DE1BED19224D77009F6AA5 /* Release */ = {
			isa = XCBuildConfiguration;
			buildSettings = {
				BUNDLE_LOADER = "$(BUILT_PRODUCTS_DIR)/LoveBooks.app/LoveBooks";
				FRAMEWORK_SEARCH_PATHS = (
					"$(SDKROOT)/Developer/Library/Frameworks",
					"$(inherited)",
					"$(DEVELOPER_FRAMEWORKS_DIR)",
				);
				GCC_PRECOMPILE_PREFIX_HEADER = YES;
				GCC_PREFIX_HEADER = "LoveBooks/LoveBooks-Prefix.pch";
				INFOPLIST_FILE = "LoveBooksTests/LoveBooksTests-Info.plist";
				PRODUCT_NAME = "$(TARGET_NAME)";
				TEST_HOST = "$(BUNDLE_LOADER)";
				WRAPPER_EXTENSION = xctest;
			};
			name = Release;
		};
/* End XCBuildConfiguration section */

/* Begin XCConfigurationList section */
		31DE1BB119224D77009F6AA5 /* Build configuration list for PBXProject "LoveBooks" */ = {
			isa = XCConfigurationList;
			buildConfigurations = (
				31DE1BE619224D77009F6AA5 /* Debug */,
				31DE1BE719224D77009F6AA5 /* Release */,
			);
			defaultConfigurationIsVisible = 0;
			defaultConfigurationName = Release;
		};
		31DE1BE819224D77009F6AA5 /* Build configuration list for PBXNativeTarget "LoveBooks" */ = {
			isa = XCConfigurationList;
			buildConfigurations = (
				31DE1BE919224D77009F6AA5 /* Debug */,
				31DE1BEA19224D77009F6AA5 /* Release */,
			);
			defaultConfigurationIsVisible = 0;
			defaultConfigurationName = Release;
		};
		31DE1BEB19224D77009F6AA5 /* Build configuration list for PBXNativeTarget "LoveBooksTests" */ = {
			isa = XCConfigurationList;
			buildConfigurations = (
				31DE1BEC19224D77009F6AA5 /* Debug */,
				31DE1BED19224D77009F6AA5 /* Release */,
			);
			defaultConfigurationIsVisible = 0;
			defaultConfigurationName = Release;
		};
/* End XCConfigurationList section */

/* Begin XCVersionGroup section */
		F1AF675E192A97E000CC6354 /* LoveBooks.xcdatamodeld */ = {
			isa = XCVersionGroup;
			children = (
				F1AF675F192A97E000CC6354 /* LoveBooks.xcdatamodel */,
			);
			currentVersion = F1AF675F192A97E000CC6354 /* LoveBooks.xcdatamodel */;
			path = LoveBooks.xcdatamodeld;
			sourceTree = "<group>";
			versionGroupType = wrapper.xcdatamodel;
		};
/* End XCVersionGroup section */
	};
	rootObject = 31DE1BAE19224D77009F6AA5 /* Project object */;
}
